<Solution>
  <Folder Name="/src/">
    <Project Path="src/AgentKit.Abstractions/AgentKit.Abstractions.csproj"/>
    <Project Path="src/AgentKit/AgentKit.csproj"/>
    <Project Path="src/AgentKit.Observability/AgentKit.Observability.csproj"/>
    <Project Path="src/AgentKit.Providers/AgentKit.Providers.csproj"/>
    <Project Path="src/AgentKit.Providers.OpenAI/AgentKit.Providers.OpenAI.csproj"/>
    <Project Path="src/AgentKit.Providers.OpenAICompatible/AgentKit.Providers.OpenAICompatible.csproj"/>
    <Project Path="src/AgentKit.Providers.Anthropic/AgentKit.Providers.Anthropic.csproj"/>
    <Project Path="src/AgentKit.Providers.GoogleGemini/AgentKit.Providers.GoogleGemini.csproj"/>
    <Project Path="src/AgentKit.Providers.MistralAI/AgentKit.Providers.MistralAI.csproj"/>
    <Project Path="src/AgentKit.Providers.Cohere/AgentKit.Providers.Cohere.csproj"/>
    <Project Path="src/AgentKit.Providers.AzureOpenAI/AgentKit.Providers.AzureOpenAI.csproj"/>
    <Project Path="src/AgentKit.Providers.GoogleVertexAI/AgentKit.Providers.GoogleVertexAI.csproj"/>
    <Project Path="src/AgentKit.Providers.AwsBedrock/AgentKit.Providers.AwsBedrock.csproj"/>
    <Project Path="src/AgentKit.Providers.OpenRouter/AgentKit.Providers.OpenRouter.csproj"/>
    <Project Path="src/AgentKit.Providers.ZAI/AgentKit.Providers.ZAI.csproj"/>
    <Project Path="src/AgentKit.Providers.DeepSeek/AgentKit.Providers.DeepSeek.csproj"/>
    <Project Path="src/AgentKit.Providers.Groq/AgentKit.Providers.Groq.csproj"/>
    <Project Path="src/AgentKit.Providers.MoonshotKimi/AgentKit.Providers.MoonshotKimi.csproj"/>
    <Project Path="src/AgentKit.Providers.XAI/AgentKit.Providers.XAI.csproj"/>
    <Project Path="src/AgentKit.Providers.Ollama/AgentKit.Providers.Ollama.csproj"/>
    <Project Path="src/AgentKit.Mcp/AgentKit.Mcp.csproj"/>
    <Project Path="src/AgentKit.Mcp.Client/AgentKit.Mcp.Client.csproj"/>
    <Project Path="src/AgentKit.Mcp.Server/AgentKit.Mcp.Server.csproj"/>
    <Project Path="src/AgentKit.Session/AgentKit.Session.csproj"/>
    <Project Path="src/AgentKit.Session.InMemory/AgentKit.Session.InMemory.csproj"/>
    <Project Path="src/AgentKit.Context/AgentKit.Context.csproj"/>
    <Project Path="src/AgentKit.Context.Compaction/AgentKit.Context.Compaction.csproj"/>
    <Project Path="src/AgentKit.Loop/AgentKit.Loop.csproj"/>
    <Project Path="src/AgentKit.Budgets/AgentKit.Budgets.csproj"/>
    <Project Path="src/AgentKit.Identity/AgentKit.Identity.csproj"/>
    <Project Path="src/AgentKit.Permissions/AgentKit.Permissions.csproj"/>
    <Project Path="src/AgentKit.Output/AgentKit.Output.csproj"/>
    <Project Path="src/AgentKit.Hooks/AgentKit.Hooks.csproj"/>
    <Project Path="src/AgentKit.FileSystem/AgentKit.FileSystem.csproj"/>
    <Project Path="src/AgentKit.Network/AgentKit.Network.csproj"/>
    <Project Path="src/AgentKit.Network.InMemory/AgentKit.Network.InMemory.csproj"/>
    <Project Path="src/AgentKit.Processes/AgentKit.Processes.csproj"/>
    <Project Path="src/AgentKit.Processes.Scripted/AgentKit.Processes.Scripted.csproj"/>
    <Project Path="src/AgentKit.LanguageServices.Scripted/AgentKit.LanguageServices.Scripted.csproj"/>
    <Project Path="src/AgentKit.IO/AgentKit.IO.csproj"/>
    <Project Path="src/AgentKit.Goals/AgentKit.Goals.csproj"/>
    <Project Path="src/AgentKit.Artifacts/AgentKit.Artifacts.csproj"/>
    <Project Path="src/AgentKit.Artifacts.InMemory/AgentKit.Artifacts.InMemory.csproj"/>
    <Project Path="src/AgentKit.Tools/AgentKit.Tools.csproj"/>
    <Project Path="src/AgentKit.Tools.Read/AgentKit.Tools.Read.csproj"/>
    <Project Path="src/AgentKit.Tools.Write/AgentKit.Tools.Write.csproj"/>
    <Project Path="src/AgentKit.Tools.List/AgentKit.Tools.List.csproj"/>
    <Project Path="src/AgentKit.Tools.Glob/AgentKit.Tools.Glob.csproj"/>
    <Project Path="src/AgentKit.Tools.Search/AgentKit.Tools.Search.csproj"/>
    <Project Path="src/AgentKit.Tools.Edit/AgentKit.Tools.Edit.csproj"/>
    <Project Path="src/AgentKit.Tools.Patch/AgentKit.Tools.Patch.csproj"/>
    <Project Path="src/AgentKit.Tools.Command/AgentKit.Tools.Command.csproj"/>
    <Project Path="src/AgentKit.Tools.Language/AgentKit.Tools.Language.csproj"/>
    <Project Path="src/AgentKit.Tools.Web/AgentKit.Tools.Web.csproj"/>
    <Project Path="src/AgentKit.Tools.Resource/AgentKit.Tools.Resource.csproj"/>
    <Project Path="src/AgentKit.Tools.Question/AgentKit.Tools.Question.csproj"/>
    <Project Path="src/AgentKit.Tools.Plan/AgentKit.Tools.Plan.csproj"/>
    <Project Path="src/AgentKit.Tools.WebSearch/AgentKit.Tools.WebSearch.csproj"/>
    <Project Path="src/AgentKit.Tools.Task/AgentKit.Tools.Task.csproj"/>
    <Project Path="src/AgentKit.Tools.Skill/AgentKit.Tools.Skill.csproj"/>
  </Folder>
  <Folder Name="/tests/">
    <Project Path="tests/AgentKit.Test.Shared/AgentKit.Test.Shared.csproj"/>
    <Project Path="tests/AgentKit.Compatibility.Tests/AgentKit.Compatibility.Tests.csproj"/>
    <Project Path="tests/AgentKit.Conformance/AgentKit.Conformance.csproj"/>
    <Project Path="tests/AgentKit.Tests/AgentKit.Tests.csproj"/>
    <Project Path="tests/AgentKit.Observability.Tests/AgentKit.Observability.Tests.csproj"/>
    <Project Path="tests/AgentKit.Abstractions.Tests/AgentKit.Abstractions.Tests.csproj"/>
    <Project Path="tests/AgentKit.Providers.Tests/AgentKit.Providers.Tests.csproj"/>
    <Project Path="tests/AgentKit.Providers.OpenAI.Tests/AgentKit.Providers.OpenAI.Tests.csproj"/>
    <Project Path="tests/AgentKit.Providers.OpenAICompatible.Tests/AgentKit.Providers.OpenAICompatible.Tests.csproj"/>
    <Project Path="tests/AgentKit.Providers.Anthropic.Tests/AgentKit.Providers.Anthropic.Tests.csproj"/>
    <Project Path="tests/AgentKit.Providers.GoogleGemini.Tests/AgentKit.Providers.GoogleGemini.Tests.csproj"/>
    <Project Path="tests/AgentKit.Providers.MistralAI.Tests/AgentKit.Providers.MistralAI.Tests.csproj"/>
    <Project Path="tests/AgentKit.Providers.Cohere.Tests/AgentKit.Providers.Cohere.Tests.csproj"/>
    <Project Path="tests/AgentKit.Providers.AzureOpenAI.Tests/AgentKit.Providers.AzureOpenAI.Tests.csproj"/>
    <Project Path="tests/AgentKit.Providers.GoogleVertexAI.Tests/AgentKit.Providers.GoogleVertexAI.Tests.csproj"/>
    <Project Path="tests/AgentKit.Providers.AwsBedrock.Tests/AgentKit.Providers.AwsBedrock.Tests.csproj"/>
    <Project Path="tests/AgentKit.Providers.OpenRouter.Tests/AgentKit.Providers.OpenRouter.Tests.csproj"/>
    <Project Path="tests/AgentKit.Providers.ZAI.Tests/AgentKit.Providers.ZAI.Tests.csproj"/>
    <Project Path="tests/AgentKit.Providers.DeepSeek.Tests/AgentKit.Providers.DeepSeek.Tests.csproj"/>
    <Project Path="tests/AgentKit.Providers.Groq.Tests/AgentKit.Providers.Groq.Tests.csproj"/>
    <Project Path="tests/AgentKit.Providers.MoonshotKimi.Tests/AgentKit.Providers.MoonshotKimi.Tests.csproj"/>
    <Project Path="tests/AgentKit.Providers.XAI.Tests/AgentKit.Providers.XAI.Tests.csproj"/>
    <Project Path="tests/AgentKit.Providers.Ollama.Tests/AgentKit.Providers.Ollama.Tests.csproj"/>
    <Project Path="tests/AgentKit.Mcp.Tests/AgentKit.Mcp.Tests.csproj"/>
    <Project Path="tests/AgentKit.Mcp.Client.Tests/AgentKit.Mcp.Client.Tests.csproj"/>
    <Project Path="tests/AgentKit.Mcp.Server.Tests/AgentKit.Mcp.Server.Tests.csproj"/>
    <Project Path="tests/AgentKit.Session.Tests/AgentKit.Session.Tests.csproj"/>
    <Project Path="tests/AgentKit.Session.InMemory.Tests/AgentKit.Session.InMemory.Tests.csproj"/>
    <Project Path="tests/AgentKit.Context.Tests/AgentKit.Context.Tests.csproj"/>
    <Project Path="tests/AgentKit.Context.Compaction.Tests/AgentKit.Context.Compaction.Tests.csproj"/>
    <Project Path="tests/AgentKit.Loop.Tests/AgentKit.Loop.Tests.csproj"/>
    <Project Path="tests/AgentKit.Budgets.Tests/AgentKit.Budgets.Tests.csproj"/>
    <Project Path="tests/AgentKit.Identity.Tests/AgentKit.Identity.Tests.csproj"/>
    <Project Path="tests/AgentKit.Permissions.Tests/AgentKit.Permissions.Tests.csproj"/>
    <Project Path="tests/AgentKit.Output.Tests/AgentKit.Output.Tests.csproj"/>
    <Project Path="tests/AgentKit.Hooks.Tests/AgentKit.Hooks.Tests.csproj"/>
    <Project Path="tests/AgentKit.FileSystem.Tests/AgentKit.FileSystem.Tests.csproj"/>
    <Project Path="tests/AgentKit.Network.Tests/AgentKit.Network.Tests.csproj"/>
    <Project Path="tests/AgentKit.Network.InMemory.Tests/AgentKit.Network.InMemory.Tests.csproj"/>
    <Project Path="tests/AgentKit.Processes.Tests/AgentKit.Processes.Tests.csproj"/>
    <Project Path="tests/AgentKit.Processes.Scripted.Tests/AgentKit.Processes.Scripted.Tests.csproj"/>
    <Project Path="tests/AgentKit.LanguageServices.Scripted.Tests/AgentKit.LanguageServices.Scripted.Tests.csproj"/>
    <Project Path="tests/AgentKit.Tools.Tests/AgentKit.Tools.Tests.csproj"/>
    <Project Path="tests/AgentKit.Tools.Read.Tests/AgentKit.Tools.Read.Tests.csproj"/>
    <Project Path="tests/AgentKit.Tools.Write.Tests/AgentKit.Tools.Write.Tests.csproj"/>
    <Project Path="tests/AgentKit.Tools.List.Tests/AgentKit.Tools.List.Tests.csproj"/>
    <Project Path="tests/AgentKit.Tools.Glob.Tests/AgentKit.Tools.Glob.Tests.csproj"/>
    <Project Path="tests/AgentKit.Tools.Search.Tests/AgentKit.Tools.Search.Tests.csproj"/>
    <Project Path="tests/AgentKit.Tools.Edit.Tests/AgentKit.Tools.Edit.Tests.csproj"/>
    <Project Path="tests/AgentKit.Tools.Patch.Tests/AgentKit.Tools.Patch.Tests.csproj"/>
    <Project Path="tests/AgentKit.Tools.Command.Tests/AgentKit.Tools.Command.Tests.csproj"/>
    <Project Path="tests/AgentKit.Tools.Language.Tests/AgentKit.Tools.Language.Tests.csproj"/>
    <Project Path="tests/AgentKit.Tools.Web.Tests/AgentKit.Tools.Web.Tests.csproj"/>
    <Project Path="tests/AgentKit.Tools.Resource.Tests/AgentKit.Tools.Resource.Tests.csproj"/>
    <Project Path="tests/AgentKit.Tools.Question.Tests/AgentKit.Tools.Question.Tests.csproj"/>
    <Project Path="tests/AgentKit.Tools.Plan.Tests/AgentKit.Tools.Plan.Tests.csproj"/>
    <Project Path="tests/AgentKit.Tools.WebSearch.Tests/AgentKit.Tools.WebSearch.Tests.csproj"/>
    <Project Path="tests/AgentKit.Tools.Task.Tests/AgentKit.Tools.Task.Tests.csproj"/>
    <Project Path="tests/AgentKit.Tools.Skill.Tests/AgentKit.Tools.Skill.Tests.csproj"/>
    <Project Path="tests/AgentKit.IO.Tests/AgentKit.IO.Tests.csproj"/>
    <Project Path="tests/AgentKit.Goals.Tests/AgentKit.Goals.Tests.csproj"/>
    <Project Path="tests/AgentKit.Artifacts.Tests/AgentKit.Artifacts.Tests.csproj"/>
    <Project Path="tests/AgentKit.Artifacts.InMemory.Tests/AgentKit.Artifacts.InMemory.Tests.csproj"/>
  </Folder>
</Solution>
