<Solution>
  <Folder Name="/src/">
    <Project Path="src/AgentKit.Abstractions/AgentKit.Abstractions.csproj"/>
    <Project Path="src/AgentKit/AgentKit.csproj"/>
    <Project Path="src/AgentKit.Providers.OpenAI/AgentKit.Providers.OpenAI.csproj"/>
    <Project Path="src/AgentKit.Providers.OpenAICompatible/AgentKit.Providers.OpenAICompatible.csproj"/>
    <Project Path="src/AgentKit.Providers.OpenRouter/AgentKit.Providers.OpenRouter.csproj"/>
    <Project Path="src/AgentKit.Providers.ZAi/AgentKit.Providers.ZAi.csproj"/>
    <Project Path="src/AgentKit.Providers.DeepSeek/AgentKit.Providers.DeepSeek.csproj"/>
    <Project Path="src/AgentKit.Providers.Groq/AgentKit.Providers.Groq.csproj"/>
    <Project Path="src/AgentKit.Providers.MoonshotKimi/AgentKit.Providers.MoonshotKimi.csproj"/>
    <Project Path="src/AgentKit.Providers.XAI/AgentKit.Providers.XAI.csproj"/>
    <Project Path="src/AgentKit.Providers.Ollama/AgentKit.Providers.Ollama.csproj"/>
    <Project Path="src/AgentKit.Session/AgentKit.Session.csproj"/>
    <Project Path="src/AgentKit.Session.InMemory/AgentKit.Session.InMemory.csproj"/>
    <Project Path="src/AgentKit.Context/AgentKit.Context.csproj"/>
    <Project Path="src/AgentKit.Context.Compaction/AgentKit.Context.Compaction.csproj"/>
    <Project Path="src/AgentKit.Loop/AgentKit.Loop.csproj"/>
    <Project Path="src/AgentKit.Hooks/AgentKit.Hooks.csproj"/>
    <Project Path="src/AgentKit.FileSystem/AgentKit.FileSystem.csproj"/>
    <Project Path="src/AgentKit.Tools/AgentKit.Tools.csproj"/>
    <Project Path="src/AgentKit.Tools.Read/AgentKit.Tools.Read.csproj"/>
    <Project Path="src/AgentKit.Tools.Write/AgentKit.Tools.Write.csproj"/>
  </Folder>
  <Folder Name="/tests/">
    <Project Path="tests/AgentKit.Tests/AgentKit.Tests.csproj"/>
    <Project Path="tests/AgentKit.Abstractions.Tests/AgentKit.Abstractions.Tests.csproj"/>
    <Project Path="tests/AgentKit.Providers.OpenAI.Tests/AgentKit.Providers.OpenAI.Tests.csproj"/>
    <Project Path="tests/AgentKit.Providers.OpenAICompatible.Tests/AgentKit.Providers.OpenAICompatible.Tests.csproj"/>
    <Project Path="tests/AgentKit.Providers.OpenRouter.Tests/AgentKit.Providers.OpenRouter.Tests.csproj"/>
    <Project Path="tests/AgentKit.Providers.ZAi.Tests/AgentKit.Providers.ZAi.Tests.csproj"/>
    <Project Path="tests/AgentKit.Providers.DeepSeek.Tests/AgentKit.Providers.DeepSeek.Tests.csproj"/>
    <Project Path="tests/AgentKit.Providers.Groq.Tests/AgentKit.Providers.Groq.Tests.csproj"/>
    <Project Path="tests/AgentKit.Providers.MoonshotKimi.Tests/AgentKit.Providers.MoonshotKimi.Tests.csproj"/>
    <Project Path="tests/AgentKit.Providers.XAI.Tests/AgentKit.Providers.XAI.Tests.csproj"/>
    <Project Path="tests/AgentKit.Providers.Ollama.Tests/AgentKit.Providers.Ollama.Tests.csproj"/>
    <Project Path="tests/AgentKit.Session.Tests/AgentKit.Session.Tests.csproj"/>
    <Project Path="tests/AgentKit.Session.InMemory.Tests/AgentKit.Session.InMemory.Tests.csproj"/>
    <Project Path="tests/AgentKit.Context.Tests/AgentKit.Context.Tests.csproj"/>
    <Project Path="tests/AgentKit.Context.Compaction.Tests/AgentKit.Context.Compaction.Tests.csproj"/>
    <Project Path="tests/AgentKit.Loop.Tests/AgentKit.Loop.Tests.csproj"/>
    <Project Path="tests/AgentKit.Hooks.Tests/AgentKit.Hooks.Tests.csproj"/>
    <Project Path="tests/AgentKit.FileSystem.Tests/AgentKit.FileSystem.Tests.csproj"/>
    <Project Path="tests/AgentKit.Tools.Tests/AgentKit.Tools.Tests.csproj"/>
    <Project Path="tests/AgentKit.Tools.Read.Tests/AgentKit.Tools.Read.Tests.csproj"/>
    <Project Path="tests/AgentKit.Tools.Write.Tests/AgentKit.Tools.Write.Tests.csproj"/>
  </Folder>
</Solution>
